
Microsoft Visual Studio Solution File, Format Version 12.00
# Visual Studio 15
VisualStudioVersion = 15.0.27130.2036
MinimumVisualStudioVersion = 10.0.40219.1
Project("{FAE04EC0-301F-11D3-BF4B-00C04F79EFBC}") = "MiniAppManager.WPF", "MiniAppManager.WPF\MiniAppManager.WPF.csproj", "{E5BAC8BC-8070-4566-BF23-103FCA65701D}"
EndProject
Project("{FAE04EC0-301F-11D3-BF4B-00C04F79EFBC}") = "MiniAppManager.Shared", "MiniAppManager.Shared\MiniAppManager.Shared.csproj", "{D7F6CAEB-B94D-4EEE-80FA-83BF6A698584}"
EndProject
Project("{FAE04EC0-301F-11D3-BF4B-00C04F79EFBC}") = "TestWpfApp", "TestWpfApp\TestWpfApp.csproj", "{DE87BF28-16D6-4370-9B1C-2E522E047242}"
EndProject
Project("{F184B08F-C81C-45F6-A57F-5ABD9991F28F}") = "MiniAppManager.WinForms", "MiniAppManager.WinForms\MiniAppManager.WinForms.vbproj", "{4BC82E8D-DB93-4609-8978-F0FEFB4B580F}"
EndProject
Project("{2150E333-8FDC-42A3-9474-1A3956D46DE8}") = "Solution Items", "Solution Items", "{2604BA92-D14E-46A3-8300-14B5C4A6566E}"
	ProjectSection(SolutionItems) = preProject
		LICENSE = LICENSE
		README.md = README.md
	EndProjectSection
EndProject
Global
	GlobalSection(SolutionConfigurationPlatforms) = preSolution
		Debug|Any CPU = Debug|Any CPU
		Release|Any CPU = Release|Any CPU
	EndGlobalSection
	GlobalSection(ProjectConfigurationPlatforms) = postSolution
		{E5BAC8BC-8070-4566-BF23-103FCA65701D}.Debug|Any CPU.ActiveCfg = Debug|Any CPU
		{E5BAC8BC-8070-4566-BF23-103FCA65701D}.Debug|Any CPU.Build.0 = Debug|Any CPU
		{E5BAC8BC-8070-4566-BF23-103FCA65701D}.Release|Any CPU.ActiveCfg = Release|Any CPU
		{E5BAC8BC-8070-4566-BF23-103FCA65701D}.Release|Any CPU.Build.0 = Release|Any CPU
		{D7F6CAEB-B94D-4EEE-80FA-83BF6A698584}.Debug|Any CPU.ActiveCfg = Debug|Any CPU
		{D7F6CAEB-B94D-4EEE-80FA-83BF6A698584}.Debug|Any CPU.Build.0 = Debug|Any CPU
		{D7F6CAEB-B94D-4EEE-80FA-83BF6A698584}.Release|Any CPU.ActiveCfg = Release|Any CPU
		{D7F6CAEB-B94D-4EEE-80FA-83BF6A698584}.Release|Any CPU.Build.0 = Release|Any CPU
		{DE87BF28-16D6-4370-9B1C-2E522E047242}.Debug|Any CPU.ActiveCfg = Debug|Any CPU
		{DE87BF28-16D6-4370-9B1C-2E522E047242}.Debug|Any CPU.Build.0 = Debug|Any CPU
		{DE87BF28-16D6-4370-9B1C-2E522E047242}.Release|Any CPU.ActiveCfg = Release|Any CPU
		{DE87BF28-16D6-4370-9B1C-2E522E047242}.Release|Any CPU.Build.0 = Release|Any CPU
		{4BC82E8D-DB93-4609-8978-F0FEFB4B580F}.Debug|Any CPU.ActiveCfg = Debug|Any CPU
		{4BC82E8D-DB93-4609-8978-F0FEFB4B580F}.Debug|Any CPU.Build.0 = Debug|Any CPU
		{4BC82E8D-DB93-4609-8978-F0FEFB4B580F}.Release|Any CPU.ActiveCfg = Release|Any CPU
		{4BC82E8D-DB93-4609-8978-F0FEFB4B580F}.Release|Any CPU.Build.0 = Release|Any CPU
	EndGlobalSection
	GlobalSection(SolutionProperties) = preSolution
		HideSolutionNode = FALSE
	EndGlobalSection
	GlobalSection(ExtensibilityGlobals) = postSolution
		SolutionGuid = {BAD14BC3-E824-4778-9C3D-9905E2E372F5}
	EndGlobalSection
EndGlobal
